// !$*UTF8*$!
{
	archiveVersion = 1;
	classes = {
	};
	objectVersion = 53;
	objects = {

/* Begin PBXBuildFile section */
		004A3C5A2989B1990019C9F2 /* AppDelegate.swift in Sources */ = {isa = PBXBuildFile; fileRef = 004A3C592989B1990019C9F2 /* AppDelegate.swift */; };
		004A3C5C2989B1990019C9F2 /* SceneDelegate.swift in Sources */ = {isa = PBXBuildFile; fileRef = 004A3C5B2989B1990019C9F2 /* SceneDelegate.swift */; };
		004A3C632989B19A0019C9F2 /* Assets.xcassets in Resources */ = {isa = PBXBuildFile; fileRef = 004A3C622989B19A0019C9F2 /* Assets.xcassets */; };
		004A3C662989B19A0019C9F2 /* LaunchScreen.storyboard in Resources */ = {isa = PBXBuildFile; fileRef = 004A3C642989B19A0019C9F2 /* LaunchScreen.storyboard */; };
		004A3C702989B49E0019C9F2 /* CharactersView.swift in Sources */ = {isa = PBXBuildFile; fileRef = 004A3C6F2989B49E0019C9F2 /* CharactersView.swift */; };
		004A3C732989B7090019C9F2 /* CharactersView.storyboard in Resources */ = {isa = PBXBuildFile; fileRef = 004A3C722989B7090019C9F2 /* CharactersView.storyboard */; };
		004A3C772989BAF10019C9F2 /* RootWireframe.swift in Sources */ = {isa = PBXBuildFile; fileRef = 004A3C762989BAF10019C9F2 /* RootWireframe.swift */; };
		004A3C7A2989BB350019C9F2 /* ViewProtocols.swift in Sources */ = {isa = PBXBuildFile; fileRef = 004A3C792989BB350019C9F2 /* ViewProtocols.swift */; };
		004A3C7C2989BB6A0019C9F2 /* BuilderProtocols.swift in Sources */ = {isa = PBXBuildFile; fileRef = 004A3C7B2989BB6A0019C9F2 /* BuilderProtocols.swift */; };
		004A3C7E2989BB910019C9F2 /* CharactersBuilder.swift in Sources */ = {isa = PBXBuildFile; fileRef = 004A3C7D2989BB910019C9F2 /* CharactersBuilder.swift */; };
		004A3C822989BBD60019C9F2 /* CharactersContract.swift in Sources */ = {isa = PBXBuildFile; fileRef = 004A3C812989BBD60019C9F2 /* CharactersContract.swift */; };
		004A3C842989BEED0019C9F2 /* CharactersPresenter.swift in Sources */ = {isa = PBXBuildFile; fileRef = 004A3C832989BEED0019C9F2 /* CharactersPresenter.swift */; };
		004A3C862989BEF70019C9F2 /* CharactersInteractor.swift in Sources */ = {isa = PBXBuildFile; fileRef = 004A3C852989BEF70019C9F2 /* CharactersInteractor.swift */; };
		004A3C8C2989C52A0019C9F2 /* CharactersTableViewCell.swift in Sources */ = {isa = PBXBuildFile; fileRef = 004A3C8B2989C52A0019C9F2 /* CharactersTableViewCell.swift */; };
		004A3C8E2989C5AE0019C9F2 /* CharacterCellViewModel.swift in Sources */ = {isa = PBXBuildFile; fileRef = 004A3C8D2989C5AE0019C9F2 /* CharacterCellViewModel.swift */; };
		004A3C942989C7DC0019C9F2 /* CharactersModels.swift in Sources */ = {isa = PBXBuildFile; fileRef = 004A3C932989C7DC0019C9F2 /* CharactersModels.swift */; };
		004A3C972989D7B60019C9F2 /* ApiRequestBuilder.swift in Sources */ = {isa = PBXBuildFile; fileRef = 004A3C962989D7B60019C9F2 /* ApiRequestBuilder.swift */; };
		004A3C992989D80F0019C9F2 /* MarvelApi.swift in Sources */ = {isa = PBXBuildFile; fileRef = 004A3C982989D80F0019C9F2 /* MarvelApi.swift */; };
		004A3C9B2989D8430019C9F2 /* NetworkManager.swift in Sources */ = {isa = PBXBuildFile; fileRef = 004A3C9A2989D8430019C9F2 /* NetworkManager.swift */; };
		004A3C9D2989D8620019C9F2 /* ApiRouter.swift in Sources */ = {isa = PBXBuildFile; fileRef = 004A3C9C2989D8620019C9F2 /* ApiRouter.swift */; };
		004A3CA02989D8F50019C9F2 /* BundleExtension.swift in Sources */ = {isa = PBXBuildFile; fileRef = 004A3C9F2989D8F50019C9F2 /* BundleExtension.swift */; };
		004A3CA42989D9780019C9F2 /* ApiKeys.swift in Sources */ = {isa = PBXBuildFile; fileRef = 004A3CA32989D9780019C9F2 /* ApiKeys.swift */; };
		004A3CA62989D9E20019C9F2 /* StringExtensions.swift in Sources */ = {isa = PBXBuildFile; fileRef = 004A3CA52989D9E20019C9F2 /* StringExtensions.swift */; };
		004A3CA82989DB970019C9F2 /* CharactersRouter.swift in Sources */ = {isa = PBXBuildFile; fileRef = 004A3CA72989DB970019C9F2 /* CharactersRouter.swift */; };
		004A3CAD2989E1FF0019C9F2 /* CharactersProvider.swift in Sources */ = {isa = PBXBuildFile; fileRef = 004A3CAC2989E1FF0019C9F2 /* CharactersProvider.swift */; };
		004A3CAF2989E4D50019C9F2 /* ViewsIdentifiers.swift in Sources */ = {isa = PBXBuildFile; fileRef = 004A3CAE2989E4D50019C9F2 /* ViewsIdentifiers.swift */; };
		004A3CB12989F0140019C9F2 /* UIImageViewExtensions.swift in Sources */ = {isa = PBXBuildFile; fileRef = 004A3CB02989F0140019C9F2 /* UIImageViewExtensions.swift */; };
		004A3CB32989F1730019C9F2 /* UIImageExtension.swift in Sources */ = {isa = PBXBuildFile; fileRef = 004A3CB22989F1730019C9F2 /* UIImageExtension.swift */; };
		004A3CEE298A6A3F0019C9F2 /* CharacterDetailBuilder.swift in Sources */ = {isa = PBXBuildFile; fileRef = 004A3CEA298A6A3F0019C9F2 /* CharacterDetailBuilder.swift */; };
		004A3CEF298A6A3F0019C9F2 /* CharacterDetailInteractor.swift in Sources */ = {isa = PBXBuildFile; fileRef = 004A3CEB298A6A3F0019C9F2 /* CharacterDetailInteractor.swift */; };
		004A3CF0298A6A3F0019C9F2 /* CharacterDetailPresenter.swift in Sources */ = {isa = PBXBuildFile; fileRef = 004A3CEC298A6A3F0019C9F2 /* CharacterDetailPresenter.swift */; };
		004A3CF1298A6A3F0019C9F2 /* CharacterDetailContract.swift in Sources */ = {isa = PBXBuildFile; fileRef = 004A3CED298A6A3F0019C9F2 /* CharacterDetailContract.swift */; };
		004A3CF4298A6A500019C9F2 /* CharacterDetailView.swift in Sources */ = {isa = PBXBuildFile; fileRef = 004A3CF3298A6A500019C9F2 /* CharacterDetailView.swift */; };
		004A3CF6298A6BCB0019C9F2 /* WireframeProtocols.swift in Sources */ = {isa = PBXBuildFile; fileRef = 004A3CF5298A6BCB0019C9F2 /* WireframeProtocols.swift */; };
		004A3CF8298A6BF60019C9F2 /* CharacterDetailOpener.swift in Sources */ = {isa = PBXBuildFile; fileRef = 004A3CF7298A6BF60019C9F2 /* CharacterDetailOpener.swift */; };
		004A3CFE298A6F150019C9F2 /* CharacterDetailView.storyboard in Resources */ = {isa = PBXBuildFile; fileRef = 004A3CFD298A6F150019C9F2 /* CharacterDetailView.storyboard */; };
		004A3D00298A6FD80019C9F2 /* CharacterConstants.swift in Sources */ = {isa = PBXBuildFile; fileRef = 004A3CFF298A6FD80019C9F2 /* CharacterConstants.swift */; };
		004A3D02298A70320019C9F2 /* UIViewExtension.swift in Sources */ = {isa = PBXBuildFile; fileRef = 004A3D01298A70320019C9F2 /* UIViewExtension.swift */; };
		004A3D04298A72870019C9F2 /* CharacterDetailProvider.swift in Sources */ = {isa = PBXBuildFile; fileRef = 004A3D03298A72870019C9F2 /* CharacterDetailProvider.swift */; };
		1FA3EB362998242800C57E0E /* CharactersPresenterTests.swift in Sources */ = {isa = PBXBuildFile; fileRef = 1FA3EB352998242800C57E0E /* CharactersPresenterTests.swift */; };
		1FA3EB3829982B8900C57E0E /* CharactersViewTests.swift in Sources */ = {isa = PBXBuildFile; fileRef = 1FA3EB3729982B8900C57E0E /* CharactersViewTests.swift */; };
		5CE39A13EA8C7D914E8177D6 /* Pods_Marvel.framework in Frameworks */ = {isa = PBXBuildFile; fileRef = 3073C740012C06E363DB96AC /* Pods_Marvel.framework */; };
/* End PBXBuildFile section */

/* Begin PBXContainerItemProxy section */
		1FA3EB302998234400C57E0E /* PBXContainerItemProxy */ = {
			isa = PBXContainerItemProxy;
			containerPortal = 004A3C4E2989B1990019C9F2 /* Project object */;
			proxyType = 1;
			remoteGlobalIDString = 004A3C552989B1990019C9F2;
			remoteInfo = Marvel;
		};
/* End PBXContainerItemProxy section */

/* Begin PBXFileReference section */
		004A3C562989B1990019C9F2 /* Marvel.app */ = {isa = PBXFileReference; explicitFileType = wrapper.application; includeInIndex = 0; path = Marvel.app; sourceTree = BUILT_PRODUCTS_DIR; };
		004A3C592989B1990019C9F2 /* AppDelegate.swift */ = {isa = PBXFileReference; lastKnownFileType = sourcecode.swift; path = AppDelegate.swift; sourceTree = "<group>"; };
		004A3C5B2989B1990019C9F2 /* SceneDelegate.swift */ = {isa = PBXFileReference; lastKnownFileType = sourcecode.swift; path = SceneDelegate.swift; sourceTree = "<group>"; };
		004A3C622989B19A0019C9F2 /* Assets.xcassets */ = {isa = PBXFileReference; lastKnownFileType = folder.assetcatalog; path = Assets.xcassets; sourceTree = "<group>"; };
		004A3C652989B19A0019C9F2 /* Base */ = {isa = PBXFileReference; lastKnownFileType = file.storyboard; name = Base; path = Base.lproj/LaunchScreen.storyboard; sourceTree = "<group>"; };
		004A3C672989B19A0019C9F2 /* Info.plist */ = {isa = PBXFileReference; lastKnownFileType = text.plist.xml; path = Info.plist; sourceTree = "<group>"; };
		004A3C6F2989B49E0019C9F2 /* CharactersView.swift */ = {isa = PBXFileReference; lastKnownFileType = sourcecode.swift; path = CharactersView.swift; sourceTree = "<group>"; };
		004A3C722989B7090019C9F2 /* CharactersView.storyboard */ = {isa = PBXFileReference; lastKnownFileType = file.storyboard; path = CharactersView.storyboard; sourceTree = "<group>"; };
		004A3C762989BAF10019C9F2 /* RootWireframe.swift */ = {isa = PBXFileReference; lastKnownFileType = sourcecode.swift; path = RootWireframe.swift; sourceTree = "<group>"; };
		004A3C792989BB350019C9F2 /* ViewProtocols.swift */ = {isa = PBXFileReference; lastKnownFileType = sourcecode.swift; path = ViewProtocols.swift; sourceTree = "<group>"; };
		004A3C7B2989BB6A0019C9F2 /* BuilderProtocols.swift */ = {isa = PBXFileReference; lastKnownFileType = sourcecode.swift; path = BuilderProtocols.swift; sourceTree = "<group>"; };
		004A3C7D2989BB910019C9F2 /* CharactersBuilder.swift */ = {isa = PBXFileReference; lastKnownFileType = sourcecode.swift; path = CharactersBuilder.swift; sourceTree = "<group>"; };
		004A3C812989BBD60019C9F2 /* CharactersContract.swift */ = {isa = PBXFileReference; lastKnownFileType = sourcecode.swift; path = CharactersContract.swift; sourceTree = "<group>"; };
		004A3C832989BEED0019C9F2 /* CharactersPresenter.swift */ = {isa = PBXFileReference; lastKnownFileType = sourcecode.swift; path = CharactersPresenter.swift; sourceTree = "<group>"; };
		004A3C852989BEF70019C9F2 /* CharactersInteractor.swift */ = {isa = PBXFileReference; lastKnownFileType = sourcecode.swift; path = CharactersInteractor.swift; sourceTree = "<group>"; };
		004A3C8B2989C52A0019C9F2 /* CharactersTableViewCell.swift */ = {isa = PBXFileReference; lastKnownFileType = sourcecode.swift; path = CharactersTableViewCell.swift; sourceTree = "<group>"; };
		004A3C8D2989C5AE0019C9F2 /* CharacterCellViewModel.swift */ = {isa = PBXFileReference; lastKnownFileType = sourcecode.swift; path = CharacterCellViewModel.swift; sourceTree = "<group>"; };
		004A3C932989C7DC0019C9F2 /* CharactersModels.swift */ = {isa = PBXFileReference; lastKnownFileType = sourcecode.swift; path = CharactersModels.swift; sourceTree = "<group>"; };
		004A3C962989D7B60019C9F2 /* ApiRequestBuilder.swift */ = {isa = PBXFileReference; lastKnownFileType = sourcecode.swift; path = ApiRequestBuilder.swift; sourceTree = "<group>"; };
		004A3C982989D80F0019C9F2 /* MarvelApi.swift */ = {isa = PBXFileReference; lastKnownFileType = sourcecode.swift; path = MarvelApi.swift; sourceTree = "<group>"; };
		004A3C9A2989D8430019C9F2 /* NetworkManager.swift */ = {isa = PBXFileReference; lastKnownFileType = sourcecode.swift; path = NetworkManager.swift; sourceTree = "<group>"; };
		004A3C9C2989D8620019C9F2 /* ApiRouter.swift */ = {isa = PBXFileReference; lastKnownFileType = sourcecode.swift; path = ApiRouter.swift; sourceTree = "<group>"; };
		004A3C9F2989D8F50019C9F2 /* BundleExtension.swift */ = {isa = PBXFileReference; lastKnownFileType = sourcecode.swift; path = BundleExtension.swift; sourceTree = "<group>"; };
		004A3CA32989D9780019C9F2 /* ApiKeys.swift */ = {isa = PBXFileReference; lastKnownFileType = sourcecode.swift; path = ApiKeys.swift; sourceTree = "<group>"; };
		004A3CA52989D9E20019C9F2 /* StringExtensions.swift */ = {isa = PBXFileReference; lastKnownFileType = sourcecode.swift; path = StringExtensions.swift; sourceTree = "<group>"; };
		004A3CA72989DB970019C9F2 /* CharactersRouter.swift */ = {isa = PBXFileReference; lastKnownFileType = sourcecode.swift; path = CharactersRouter.swift; sourceTree = "<group>"; };
		004A3CAC2989E1FF0019C9F2 /* CharactersProvider.swift */ = {isa = PBXFileReference; lastKnownFileType = sourcecode.swift; path = CharactersProvider.swift; sourceTree = "<group>"; };
		004A3CAE2989E4D50019C9F2 /* ViewsIdentifiers.swift */ = {isa = PBXFileReference; lastKnownFileType = sourcecode.swift; path = ViewsIdentifiers.swift; sourceTree = "<group>"; };
		004A3CB02989F0140019C9F2 /* UIImageViewExtensions.swift */ = {isa = PBXFileReference; lastKnownFileType = sourcecode.swift; path = UIImageViewExtensions.swift; sourceTree = "<group>"; };
		004A3CB22989F1730019C9F2 /* UIImageExtension.swift */ = {isa = PBXFileReference; lastKnownFileType = sourcecode.swift; path = UIImageExtension.swift; sourceTree = "<group>"; };
		004A3CEA298A6A3F0019C9F2 /* CharacterDetailBuilder.swift */ = {isa = PBXFileReference; fileEncoding = 4; lastKnownFileType = sourcecode.swift; path = CharacterDetailBuilder.swift; sourceTree = "<group>"; };
		004A3CEB298A6A3F0019C9F2 /* CharacterDetailInteractor.swift */ = {isa = PBXFileReference; fileEncoding = 4; lastKnownFileType = sourcecode.swift; path = CharacterDetailInteractor.swift; sourceTree = "<group>"; };
		004A3CEC298A6A3F0019C9F2 /* CharacterDetailPresenter.swift */ = {isa = PBXFileReference; fileEncoding = 4; lastKnownFileType = sourcecode.swift; path = CharacterDetailPresenter.swift; sourceTree = "<group>"; };
		004A3CED298A6A3F0019C9F2 /* CharacterDetailContract.swift */ = {isa = PBXFileReference; fileEncoding = 4; lastKnownFileType = sourcecode.swift; path = CharacterDetailContract.swift; sourceTree = "<group>"; };
		004A3CF3298A6A500019C9F2 /* CharacterDetailView.swift */ = {isa = PBXFileReference; fileEncoding = 4; lastKnownFileType = sourcecode.swift; path = CharacterDetailView.swift; sourceTree = "<group>"; };
		004A3CF5298A6BCB0019C9F2 /* WireframeProtocols.swift */ = {isa = PBXFileReference; lastKnownFileType = sourcecode.swift; path = WireframeProtocols.swift; sourceTree = "<group>"; };
		004A3CF7298A6BF60019C9F2 /* CharacterDetailOpener.swift */ = {isa = PBXFileReference; lastKnownFileType = sourcecode.swift; path = CharacterDetailOpener.swift; sourceTree = "<group>"; };
		004A3CFD298A6F150019C9F2 /* CharacterDetailView.storyboard */ = {isa = PBXFileReference; fileEncoding = 4; lastKnownFileType = file.storyboard; path = CharacterDetailView.storyboard; sourceTree = "<group>"; };
		004A3CFF298A6FD80019C9F2 /* CharacterConstants.swift */ = {isa = PBXFileReference; lastKnownFileType = sourcecode.swift; path = CharacterConstants.swift; sourceTree = "<group>"; };
		004A3D01298A70320019C9F2 /* UIViewExtension.swift */ = {isa = PBXFileReference; lastKnownFileType = sourcecode.swift; path = UIViewExtension.swift; sourceTree = "<group>"; };
		004A3D03298A72870019C9F2 /* CharacterDetailProvider.swift */ = {isa = PBXFileReference; fileEncoding = 4; lastKnownFileType = sourcecode.swift; path = CharacterDetailProvider.swift; sourceTree = "<group>"; };
		1FA3EB2C2998234300C57E0E /* MarvelTests.xctest */ = {isa = PBXFileReference; explicitFileType = wrapper.cfbundle; includeInIndex = 0; path = MarvelTests.xctest; sourceTree = BUILT_PRODUCTS_DIR; };
		1FA3EB352998242800C57E0E /* CharactersPresenterTests.swift */ = {isa = PBXFileReference; fileEncoding = 4; lastKnownFileType = sourcecode.swift; path = CharactersPresenterTests.swift; sourceTree = "<group>"; };
		1FA3EB3729982B8900C57E0E /* CharactersViewTests.swift */ = {isa = PBXFileReference; lastKnownFileType = sourcecode.swift; path = CharactersViewTests.swift; sourceTree = "<group>"; };
		3073C740012C06E363DB96AC /* Pods_Marvel.framework */ = {isa = PBXFileReference; explicitFileType = wrapper.framework; includeInIndex = 0; path = Pods_Marvel.framework; sourceTree = BUILT_PRODUCTS_DIR; };
		7A2E69B34DC0605D22126941 /* Pods-Marvel.release.xcconfig */ = {isa = PBXFileReference; includeInIndex = 1; lastKnownFileType = text.xcconfig; name = "Pods-Marvel.release.xcconfig"; path = "Target Support Files/Pods-Marvel/Pods-Marvel.release.xcconfig"; sourceTree = "<group>"; };
		EA047EA29BFA458C700E8219 /* Pods-Marvel.debug.xcconfig */ = {isa = PBXFileReference; includeInIndex = 1; lastKnownFileType = text.xcconfig; name = "Pods-Marvel.debug.xcconfig"; path = "Target Support Files/Pods-Marvel/Pods-Marvel.debug.xcconfig"; sourceTree = "<group>"; };
/* End PBXFileReference section */

/* Begin PBXFrameworksBuildPhase section */
		004A3C532989B1990019C9F2 /* Frameworks */ = {
			isa = PBXFrameworksBuildPhase;
			buildActionMask = 2147483647;
			files = (
				5CE39A13EA8C7D914E8177D6 /* Pods_Marvel.framework in Frameworks */,
			);
			runOnlyForDeploymentPostprocessing = 0;
		};
		1FA3EB292998234300C57E0E /* Frameworks */ = {
			isa = PBXFrameworksBuildPhase;
			buildActionMask = 2147483647;
			files = (
			);
			runOnlyForDeploymentPostprocessing = 0;
		};
/* End PBXFrameworksBuildPhase section */

/* Begin PBXGroup section */
		004A3C4D2989B1990019C9F2 = {
			isa = PBXGroup;
			children = (
				004A3C582989B1990019C9F2 /* Marvel */,
				1FA3EB2D2998234300C57E0E /* MarvelTests */,
				004A3C572989B1990019C9F2 /* Products */,
				A452622EE04F32391826E1AC /* Pods */,
				D9638E4157F909ED2B7459CA /* Frameworks */,
			);
			sourceTree = "<group>";
		};
		004A3C572989B1990019C9F2 /* Products */ = {
			isa = PBXGroup;
			children = (
				004A3C562989B1990019C9F2 /* Marvel.app */,
				1FA3EB2C2998234300C57E0E /* MarvelTests.xctest */,
			);
			name = Products;
			sourceTree = "<group>";
		};
		004A3C582989B1990019C9F2 /* Marvel */ = {
			isa = PBXGroup;
			children = (
				004A3C592989B1990019C9F2 /* AppDelegate.swift */,
				004A3C5B2989B1990019C9F2 /* SceneDelegate.swift */,
				004A3CA22989D9650019C9F2 /* Constants */,
				004A3C742989BACB0019C9F2 /* Components */,
				004A3C922989C7C40019C9F2 /* Models */,
				004A3CAB2989E1E40019C9F2 /* UseCases */,
				004A3C6D2989B4750019C9F2 /* Sections */,
				004A3C9E2989D8E00019C9F2 /* Extensions */,
				004A3C622989B19A0019C9F2 /* Assets.xcassets */,
				004A3C642989B19A0019C9F2 /* LaunchScreen.storyboard */,
				004A3C672989B19A0019C9F2 /* Info.plist */,
			);
			path = Marvel;
			sourceTree = "<group>";
		};
		004A3C6D2989B4750019C9F2 /* Sections */ = {
			isa = PBXGroup;
			children = (
				004A3C6E2989B4800019C9F2 /* Characters */,
				004A3CE9298A69FF0019C9F2 /* Character Detail */,
			);
			path = Sections;
			sourceTree = "<group>";
		};
		004A3C6E2989B4800019C9F2 /* Characters */ = {
			isa = PBXGroup;
			children = (
				004A3C712989B6F90019C9F2 /* UI */,
				004A3C7D2989BB910019C9F2 /* CharactersBuilder.swift */,
				004A3C812989BBD60019C9F2 /* CharactersContract.swift */,
				004A3C832989BEED0019C9F2 /* CharactersPresenter.swift */,
				004A3C852989BEF70019C9F2 /* CharactersInteractor.swift */,
				004A3CA72989DB970019C9F2 /* CharactersRouter.swift */,
			);
			path = Characters;
			sourceTree = "<group>";
		};
		004A3C712989B6F90019C9F2 /* UI */ = {
			isa = PBXGroup;
			children = (
				004A3C6F2989B49E0019C9F2 /* CharactersView.swift */,
				004A3C722989B7090019C9F2 /* CharactersView.storyboard */,
				004A3C8B2989C52A0019C9F2 /* CharactersTableViewCell.swift */,
				004A3C8D2989C5AE0019C9F2 /* CharacterCellViewModel.swift */,
			);
			path = UI;
			sourceTree = "<group>";
		};
		004A3C742989BACB0019C9F2 /* Components */ = {
			isa = PBXGroup;
			children = (
				004A3C952989D7A40019C9F2 /* Network */,
				004A3C782989BB2A0019C9F2 /* Protocols */,
				004A3C752989BAD80019C9F2 /* Wireframes */,
			);
			path = Components;
			sourceTree = "<group>";
		};
		004A3C752989BAD80019C9F2 /* Wireframes */ = {
			isa = PBXGroup;
			children = (
				004A3C762989BAF10019C9F2 /* RootWireframe.swift */,
			);
			path = Wireframes;
			sourceTree = "<group>";
		};
		004A3C782989BB2A0019C9F2 /* Protocols */ = {
			isa = PBXGroup;
			children = (
				004A3C792989BB350019C9F2 /* ViewProtocols.swift */,
				004A3C7B2989BB6A0019C9F2 /* BuilderProtocols.swift */,
				004A3CF5298A6BCB0019C9F2 /* WireframeProtocols.swift */,
			);
			path = Protocols;
			sourceTree = "<group>";
		};
		004A3C922989C7C40019C9F2 /* Models */ = {
			isa = PBXGroup;
			children = (
				004A3C932989C7DC0019C9F2 /* CharactersModels.swift */,
			);
			path = Models;
			sourceTree = "<group>";
		};
		004A3C952989D7A40019C9F2 /* Network */ = {
			isa = PBXGroup;
			children = (
				004A3C9C2989D8620019C9F2 /* ApiRouter.swift */,
				004A3C9A2989D8430019C9F2 /* NetworkManager.swift */,
				004A3C982989D80F0019C9F2 /* MarvelApi.swift */,
				004A3C962989D7B60019C9F2 /* ApiRequestBuilder.swift */,
			);
			path = Network;
			sourceTree = "<group>";
		};
		004A3C9E2989D8E00019C9F2 /* Extensions */ = {
			isa = PBXGroup;
			children = (
				004A3C9F2989D8F50019C9F2 /* BundleExtension.swift */,
				004A3CA52989D9E20019C9F2 /* StringExtensions.swift */,
				004A3CB02989F0140019C9F2 /* UIImageViewExtensions.swift */,
				004A3CB22989F1730019C9F2 /* UIImageExtension.swift */,
				004A3D01298A70320019C9F2 /* UIViewExtension.swift */,
			);
			path = Extensions;
			sourceTree = "<group>";
		};
		004A3CA22989D9650019C9F2 /* Constants */ = {
			isa = PBXGroup;
			children = (
				004A3CA32989D9780019C9F2 /* ApiKeys.swift */,
				004A3CAE2989E4D50019C9F2 /* ViewsIdentifiers.swift */,
				004A3CFF298A6FD80019C9F2 /* CharacterConstants.swift */,
			);
			path = Constants;
			sourceTree = "<group>";
		};
		004A3CAB2989E1E40019C9F2 /* UseCases */ = {
			isa = PBXGroup;
			children = (
				004A3CAC2989E1FF0019C9F2 /* CharactersProvider.swift */,
				004A3D03298A72870019C9F2 /* CharacterDetailProvider.swift */,
			);
			path = UseCases;
			sourceTree = "<group>";
		};
		004A3CE9298A69FF0019C9F2 /* Character Detail */ = {
			isa = PBXGroup;
			children = (
				004A3CF2298A6A480019C9F2 /* UI */,
				004A3CF7298A6BF60019C9F2 /* CharacterDetailOpener.swift */,
				004A3CEA298A6A3F0019C9F2 /* CharacterDetailBuilder.swift */,
				004A3CED298A6A3F0019C9F2 /* CharacterDetailContract.swift */,
				004A3CEC298A6A3F0019C9F2 /* CharacterDetailPresenter.swift */,
				004A3CEB298A6A3F0019C9F2 /* CharacterDetailInteractor.swift */,
			);
			path = "Character Detail";
			sourceTree = "<group>";
		};
		004A3CF2298A6A480019C9F2 /* UI */ = {
			isa = PBXGroup;
			children = (
				004A3CF3298A6A500019C9F2 /* CharacterDetailView.swift */,
				004A3CFD298A6F150019C9F2 /* CharacterDetailView.storyboard */,
			);
			path = UI;
			sourceTree = "<group>";
		};
		1FA3EB2D2998234300C57E0E /* MarvelTests */ = {
			isa = PBXGroup;
			children = (
				1FA3EB352998242800C57E0E /* CharactersPresenterTests.swift */,
				1FA3EB3729982B8900C57E0E /* CharactersViewTests.swift */,
			);
			path = MarvelTests;
			sourceTree = "<group>";
		};
		A452622EE04F32391826E1AC /* Pods */ = {
			isa = PBXGroup;
			children = (
				EA047EA29BFA458C700E8219 /* Pods-Marvel.debug.xcconfig */,
				7A2E69B34DC0605D22126941 /* Pods-Marvel.release.xcconfig */,
			);
			path = Pods;
			sourceTree = "<group>";
		};
		D9638E4157F909ED2B7459CA /* Frameworks */ = {
			isa = PBXGroup;
			children = (
				3073C740012C06E363DB96AC /* Pods_Marvel.framework */,
			);
			name = Frameworks;
			sourceTree = "<group>";
		};
/* End PBXGroup section */

/* Begin PBXNativeTarget section */
		004A3C552989B1990019C9F2 /* Marvel */ = {
			isa = PBXNativeTarget;
			buildConfigurationList = 004A3C6A2989B19A0019C9F2 /* Build configuration list for PBXNativeTarget "Marvel" */;
			buildPhases = (
				1577D4C304F0F29F73D9DE01 /* [CP] Check Pods Manifest.lock */,
				004A3C522989B1990019C9F2 /* Sources */,
				004A3C532989B1990019C9F2 /* Frameworks */,
				004A3C542989B1990019C9F2 /* Resources */,
				D79FC5B00DD70B6BE258448C /* [CP] Embed Pods Frameworks */,
			);
			buildRules = (
			);
			dependencies = (
			);
			name = Marvel;
			productName = Marvel;
			productReference = 004A3C562989B1990019C9F2 /* Marvel.app */;
			productType = "com.apple.product-type.application";
		};
		1FA3EB2B2998234300C57E0E /* MarvelTests */ = {
			isa = PBXNativeTarget;
			buildConfigurationList = 1FA3EB342998234400C57E0E /* Build configuration list for PBXNativeTarget "MarvelTests" */;
			buildPhases = (
				1FA3EB282998234300C57E0E /* Sources */,
				1FA3EB292998234300C57E0E /* Frameworks */,
				1FA3EB2A2998234300C57E0E /* Resources */,
			);
			buildRules = (
			);
			dependencies = (
				1FA3EB312998234400C57E0E /* PBXTargetDependency */,
			);
			name = MarvelTests;
			productName = MarvelTests;
			productReference = 1FA3EB2C2998234300C57E0E /* MarvelTests.xctest */;
			productType = "com.apple.product-type.bundle.unit-test";
		};
/* End PBXNativeTarget section */

/* Begin PBXProject section */
		004A3C4E2989B1990019C9F2 /* Project object */ = {
			isa = PBXProject;
			attributes = {
				BuildIndependentTargetsInParallel = 1;
				LastSwiftUpdateCheck = 1320;
				LastUpgradeCheck = 1420;
				TargetAttributes = {
					004A3C552989B1990019C9F2 = {
						CreatedOnToolsVersion = 14.2;
					};
					1FA3EB2B2998234300C57E0E = {
						CreatedOnToolsVersion = 13.2.1;
						TestTargetID = 004A3C552989B1990019C9F2;
					};
				};
			};
			buildConfigurationList = 004A3C512989B1990019C9F2 /* Build configuration list for PBXProject "Marvel" */;
			compatibilityVersion = "Xcode 11.0";
			developmentRegion = en;
			hasScannedForEncodings = 0;
			knownRegions = (
				en,
				Base,
			);
			mainGroup = 004A3C4D2989B1990019C9F2;
			productRefGroup = 004A3C572989B1990019C9F2 /* Products */;
			projectDirPath = "";
			projectRoot = "";
			targets = (
				004A3C552989B1990019C9F2 /* Marvel */,
				1FA3EB2B2998234300C57E0E /* MarvelTests */,
			);
		};
/* End PBXProject section */

/* Begin PBXResourcesBuildPhase section */
		004A3C542989B1990019C9F2 /* Resources */ = {
			isa = PBXResourcesBuildPhase;
			buildActionMask = 2147483647;
			files = (
				004A3CFE298A6F150019C9F2 /* CharacterDetailView.storyboard in Resources */,
				004A3C662989B19A0019C9F2 /* LaunchScreen.storyboard in Resources */,
				004A3C632989B19A0019C9F2 /* Assets.xcassets in Resources */,
				004A3C732989B7090019C9F2 /* CharactersView.storyboard in Resources */,
			);
			runOnlyForDeploymentPostprocessing = 0;
		};
		1FA3EB2A2998234300C57E0E /* Resources */ = {
			isa = PBXResourcesBuildPhase;
			buildActionMask = 2147483647;
			files = (
			);
			runOnlyForDeploymentPostprocessing = 0;
		};
/* End PBXResourcesBuildPhase section */

/* Begin PBXShellScriptBuildPhase section */
		1577D4C304F0F29F73D9DE01 /* [CP] Check Pods Manifest.lock */ = {
			isa = PBXShellScriptBuildPhase;
			buildActionMask = 2147483647;
			files = (
			);
			inputFileListPaths = (
			);
			inputPaths = (
				"${PODS_PODFILE_DIR_PATH}/Podfile.lock",
				"${PODS_ROOT}/Manifest.lock",
			);
			name = "[CP] Check Pods Manifest.lock";
			outputFileListPaths = (
			);
			outputPaths = (
				"$(DERIVED_FILE_DIR)/Pods-Marvel-checkManifestLockResult.txt",
			);
			runOnlyForDeploymentPostprocessing = 0;
			shellPath = /bin/sh;
			shellScript = "diff \"${PODS_PODFILE_DIR_PATH}/Podfile.lock\" \"${PODS_ROOT}/Manifest.lock\" > /dev/null\nif [ $? != 0 ] ; then\n    # print error to STDERR\n    echo \"error: The sandbox is not in sync with the Podfile.lock. Run 'pod install' or update your CocoaPods installation.\" >&2\n    exit 1\nfi\n# This output is used by Xcode 'outputs' to avoid re-running this script phase.\necho \"SUCCESS\" > \"${SCRIPT_OUTPUT_FILE_0}\"\n";
			showEnvVarsInLog = 0;
		};
		D79FC5B00DD70B6BE258448C /* [CP] Embed Pods Frameworks */ = {
			isa = PBXShellScriptBuildPhase;
			buildActionMask = 2147483647;
			files = (
			);
			inputFileListPaths = (
				"${PODS_ROOT}/Target Support Files/Pods-Marvel/Pods-Marvel-frameworks-${CONFIGURATION}-input-files.xcfilelist",
			);
			name = "[CP] Embed Pods Frameworks";
			outputFileListPaths = (
				"${PODS_ROOT}/Target Support Files/Pods-Marvel/Pods-Marvel-frameworks-${CONFIGURATION}-output-files.xcfilelist",
			);
			runOnlyForDeploymentPostprocessing = 0;
			shellPath = /bin/sh;
			shellScript = "\"${PODS_ROOT}/Target Support Files/Pods-Marvel/Pods-Marvel-frameworks.sh\"\n";
			showEnvVarsInLog = 0;
		};
/* End PBXShellScriptBuildPhase section */

/* Begin PBXSourcesBuildPhase section */
		004A3C522989B1990019C9F2 /* Sources */ = {
			isa = PBXSourcesBuildPhase;
			buildActionMask = 2147483647;
			files = (
				004A3CAD2989E1FF0019C9F2 /* CharactersProvider.swift in Sources */,
				004A3CF0298A6A3F0019C9F2 /* CharacterDetailPresenter.swift in Sources */,
				004A3C772989BAF10019C9F2 /* RootWireframe.swift in Sources */,
				004A3C8C2989C52A0019C9F2 /* CharactersTableViewCell.swift in Sources */,
				004A3CEF298A6A3F0019C9F2 /* CharacterDetailInteractor.swift in Sources */,
				004A3C942989C7DC0019C9F2 /* CharactersModels.swift in Sources */,
				004A3C822989BBD60019C9F2 /* CharactersContract.swift in Sources */,
				004A3C9B2989D8430019C9F2 /* NetworkManager.swift in Sources */,
				004A3D02298A70320019C9F2 /* UIViewExtension.swift in Sources */,
				004A3C7C2989BB6A0019C9F2 /* BuilderProtocols.swift in Sources */,
				004A3C8E2989C5AE0019C9F2 /* CharacterCellViewModel.swift in Sources */,
				004A3C992989D80F0019C9F2 /* MarvelApi.swift in Sources */,
				004A3CAF2989E4D50019C9F2 /* ViewsIdentifiers.swift in Sources */,
				004A3CB12989F0140019C9F2 /* UIImageViewExtensions.swift in Sources */,
				004A3C972989D7B60019C9F2 /* ApiRequestBuilder.swift in Sources */,
				004A3CA42989D9780019C9F2 /* ApiKeys.swift in Sources */,
				004A3D00298A6FD80019C9F2 /* CharacterConstants.swift in Sources */,
				004A3CF4298A6A500019C9F2 /* CharacterDetailView.swift in Sources */,
				004A3C7E2989BB910019C9F2 /* CharactersBuilder.swift in Sources */,
				004A3C862989BEF70019C9F2 /* CharactersInteractor.swift in Sources */,
				004A3CA62989D9E20019C9F2 /* StringExtensions.swift in Sources */,
				004A3CA02989D8F50019C9F2 /* BundleExtension.swift in Sources */,
				004A3C5A2989B1990019C9F2 /* AppDelegate.swift in Sources */,
				004A3CB32989F1730019C9F2 /* UIImageExtension.swift in Sources */,
				004A3C9D2989D8620019C9F2 /* ApiRouter.swift in Sources */,
				004A3CF6298A6BCB0019C9F2 /* WireframeProtocols.swift in Sources */,
				004A3CEE298A6A3F0019C9F2 /* CharacterDetailBuilder.swift in Sources */,
				004A3D04298A72870019C9F2 /* CharacterDetailProvider.swift in Sources */,
				004A3C7A2989BB350019C9F2 /* ViewProtocols.swift in Sources */,
				004A3CF1298A6A3F0019C9F2 /* CharacterDetailContract.swift in Sources */,
				004A3C702989B49E0019C9F2 /* CharactersView.swift in Sources */,
				004A3C5C2989B1990019C9F2 /* SceneDelegate.swift in Sources */,
				004A3CA82989DB970019C9F2 /* CharactersRouter.swift in Sources */,
				004A3C842989BEED0019C9F2 /* CharactersPresenter.swift in Sources */,
				004A3CF8298A6BF60019C9F2 /* CharacterDetailOpener.swift in Sources */,
			);
			runOnlyForDeploymentPostprocessing = 0;
		};
		1FA3EB282998234300C57E0E /* Sources */ = {
			isa = PBXSourcesBuildPhase;
			buildActionMask = 2147483647;
			files = (
				1FA3EB3829982B8900C57E0E /* CharactersViewTests.swift in Sources */,
				1FA3EB362998242800C57E0E /* CharactersPresenterTests.swift in Sources */,
			);
			runOnlyForDeploymentPostprocessing = 0;
		};
/* End PBXSourcesBuildPhase section */

/* Begin PBXTargetDependency section */
		1FA3EB312998234400C57E0E /* PBXTargetDependency */ = {
			isa = PBXTargetDependency;
			target = 004A3C552989B1990019C9F2 /* Marvel */;
			targetProxy = 1FA3EB302998234400C57E0E /* PBXContainerItemProxy */;
		};
/* End PBXTargetDependency section */

/* Begin PBXVariantGroup section */
		004A3C642989B19A0019C9F2 /* LaunchScreen.storyboard */ = {
			isa = PBXVariantGroup;
			children = (
				004A3C652989B19A0019C9F2 /* Base */,
			);
			name = LaunchScreen.storyboard;
			sourceTree = "<group>";
		};
/* End PBXVariantGroup section */

/* Begin XCBuildConfiguration section */
		004A3C682989B19A0019C9F2 /* Debug */ = {
			isa = XCBuildConfiguration;
			buildSettings = {
				ALWAYS_SEARCH_USER_PATHS = NO;
				CLANG_ANALYZER_NONNULL = YES;
				CLANG_ANALYZER_NUMBER_OBJECT_CONVERSION = YES_AGGRESSIVE;
				CLANG_CXX_LANGUAGE_STANDARD = "gnu++20";
				CLANG_ENABLE_MODULES = YES;
				CLANG_ENABLE_OBJC_ARC = YES;
				CLANG_ENABLE_OBJC_WEAK = YES;
				CLANG_WARN_BLOCK_CAPTURE_AUTORELEASING = YES;
				CLANG_WARN_BOOL_CONVERSION = YES;
				CLANG_WARN_COMMA = YES;
				CLANG_WARN_CONSTANT_CONVERSION = YES;
				CLANG_WARN_DEPRECATED_OBJC_IMPLEMENTATIONS = YES;
				CLANG_WARN_DIRECT_OBJC_ISA_USAGE = YES_ERROR;
				CLANG_WARN_DOCUMENTATION_COMMENTS = YES;
				CLANG_WARN_EMPTY_BODY = YES;
				CLANG_WARN_ENUM_CONVERSION = YES;
				CLANG_WARN_INFINITE_RECURSION = YES;
				CLANG_WARN_INT_CONVERSION = YES;
				CLANG_WARN_NON_LITERAL_NULL_CONVERSION = YES;
				CLANG_WARN_OBJC_IMPLICIT_RETAIN_SELF = YES;
				CLANG_WARN_OBJC_LITERAL_CONVERSION = YES;
				CLANG_WARN_OBJC_ROOT_CLASS = YES_ERROR;
				CLANG_WARN_QUOTED_INCLUDE_IN_FRAMEWORK_HEADER = YES;
				CLANG_WARN_RANGE_LOOP_ANALYSIS = YES;
				CLANG_WARN_STRICT_PROTOTYPES = YES;
				CLANG_WARN_SUSPICIOUS_MOVE = YES;
				CLANG_WARN_UNGUARDED_AVAILABILITY = YES_AGGRESSIVE;
				CLANG_WARN_UNREACHABLE_CODE = YES;
				CLANG_WARN__DUPLICATE_METHOD_MATCH = YES;
				COPY_PHASE_STRIP = NO;
				DEBUG_INFORMATION_FORMAT = dwarf;
				ENABLE_STRICT_OBJC_MSGSEND = YES;
				ENABLE_TESTABILITY = YES;
				GCC_C_LANGUAGE_STANDARD = gnu11;
				GCC_DYNAMIC_NO_PIC = NO;
				GCC_NO_COMMON_BLOCKS = YES;
				GCC_OPTIMIZATION_LEVEL = 0;
				GCC_PREPROCESSOR_DEFINITIONS = (
					"DEBUG=1",
					"$(inherited)",
				);
				GCC_WARN_64_TO_32_BIT_CONVERSION = YES;
				GCC_WARN_ABOUT_RETURN_TYPE = YES_ERROR;
				GCC_WARN_UNDECLARED_SELECTOR = YES;
				GCC_WARN_UNINITIALIZED_AUTOS = YES_AGGRESSIVE;
				GCC_WARN_UNUSED_FUNCTION = YES;
				GCC_WARN_UNUSED_VARIABLE = YES;
				IPHONEOS_DEPLOYMENT_TARGET = 15.2;
				MTL_ENABLE_DEBUG_INFO = INCLUDE_SOURCE;
				MTL_FAST_MATH = YES;
				ONLY_ACTIVE_ARCH = YES;
				SDKROOT = iphoneos;
				SWIFT_ACTIVE_COMPILATION_CONDITIONS = DEBUG;
				SWIFT_OPTIMIZATION_LEVEL = "-Onone";
			};
			name = Debug;
		};
		004A3C692989B19A0019C9F2 /* Release */ = {
			isa = XCBuildConfiguration;
			buildSettings = {
				ALWAYS_SEARCH_USER_PATHS = NO;
				CLANG_ANALYZER_NONNULL = YES;
				CLANG_ANALYZER_NUMBER_OBJECT_CONVERSION = YES_AGGRESSIVE;
				CLANG_CXX_LANGUAGE_STANDARD = "gnu++20";
				CLANG_ENABLE_MODULES = YES;
				CLANG_ENABLE_OBJC_ARC = YES;
				CLANG_ENABLE_OBJC_WEAK = YES;
				CLANG_WARN_BLOCK_CAPTURE_AUTORELEASING = YES;
				CLANG_WARN_BOOL_CONVERSION = YES;
				CLANG_WARN_COMMA = YES;
				CLANG_WARN_CONSTANT_CONVERSION = YES;
				CLANG_WARN_DEPRECATED_OBJC_IMPLEMENTATIONS = YES;
				CLANG_WARN_DIRECT_OBJC_ISA_USAGE = YES_ERROR;
				CLANG_WARN_DOCUMENTATION_COMMENTS = YES;
				CLANG_WARN_EMPTY_BODY = YES;
				CLANG_WARN_ENUM_CONVERSION = YES;
				CLANG_WARN_INFINITE_RECURSION = YES;
				CLANG_WARN_INT_CONVERSION = YES;
				CLANG_WARN_NON_LITERAL_NULL_CONVERSION = YES;
				CLANG_WARN_OBJC_IMPLICIT_RETAIN_SELF = YES;
				CLANG_WARN_OBJC_LITERAL_CONVERSION = YES;
				CLANG_WARN_OBJC_ROOT_CLASS = YES_ERROR;
				CLANG_WARN_QUOTED_INCLUDE_IN_FRAMEWORK_HEADER = YES;
				CLANG_WARN_RANGE_LOOP_ANALYSIS = YES;
				CLANG_WARN_STRICT_PROTOTYPES = YES;
				CLANG_WARN_SUSPICIOUS_MOVE = YES;
				CLANG_WARN_UNGUARDED_AVAILABILITY = YES_AGGRESSIVE;
				CLANG_WARN_UNREACHABLE_CODE = YES;
				CLANG_WARN__DUPLICATE_METHOD_MATCH = YES;
				COPY_PHASE_STRIP = NO;
				DEBUG_INFORMATION_FORMAT = "dwarf-with-dsym";
				ENABLE_NS_ASSERTIONS = NO;
				ENABLE_STRICT_OBJC_MSGSEND = YES;
				GCC_C_LANGUAGE_STANDARD = gnu11;
				GCC_NO_COMMON_BLOCKS = YES;
				GCC_WARN_64_TO_32_BIT_CONVERSION = YES;
				GCC_WARN_ABOUT_RETURN_TYPE = YES_ERROR;
				GCC_WARN_UNDECLARED_SELECTOR = YES;
				GCC_WARN_UNINITIALIZED_AUTOS = YES_AGGRESSIVE;
				GCC_WARN_UNUSED_FUNCTION = YES;
				GCC_WARN_UNUSED_VARIABLE = YES;
				IPHONEOS_DEPLOYMENT_TARGET = 15.2;
				MTL_ENABLE_DEBUG_INFO = NO;
				MTL_FAST_MATH = YES;
				SDKROOT = iphoneos;
				SWIFT_COMPILATION_MODE = wholemodule;
				SWIFT_OPTIMIZATION_LEVEL = "-O";
				VALIDATE_PRODUCT = YES;
			};
			name = Release;
		};
		004A3C6B2989B19A0019C9F2 /* Debug */ = {
			isa = XCBuildConfiguration;
			baseConfigurationReference = EA047EA29BFA458C700E8219 /* Pods-Marvel.debug.xcconfig */;
			buildSettings = {
				API_URL = "https://gateway.marvel.com";
				ASSETCATALOG_COMPILER_APPICON_NAME = AppIcon;
				ASSETCATALOG_COMPILER_GLOBAL_ACCENT_COLOR_NAME = AccentColor;
				CODE_SIGN_STYLE = Automatic;
				CURRENT_PROJECT_VERSION = 1;
				GENERATE_INFOPLIST_FILE = YES;
				INFOPLIST_FILE = Marvel/Info.plist;
				INFOPLIST_KEY_UIApplicationSupportsIndirectInputEvents = YES;
				INFOPLIST_KEY_UILaunchStoryboardName = LaunchScreen;
				INFOPLIST_KEY_UIMainStoryboardFile = LaunchScreen;
				INFOPLIST_KEY_UISupportedInterfaceOrientations_iPad = "UIInterfaceOrientationPortrait UIInterfaceOrientationPortraitUpsideDown UIInterfaceOrientationLandscapeLeft UIInterfaceOrientationLandscapeRight";
				INFOPLIST_KEY_UISupportedInterfaceOrientations_iPhone = "UIInterfaceOrientationPortrait UIInterfaceOrientationLandscapeLeft UIInterfaceOrientationLandscapeRight";
				IPHONEOS_DEPLOYMENT_TARGET = 15.2;
				LD_RUNPATH_SEARCH_PATHS = (
					"$(inherited)",
					"@executable_path/Frameworks",
				);
				MARKETING_VERSION = 1.0;
				PRODUCT_BUNDLE_IDENTIFIER = com.muntalapps.Marvel;
				PRODUCT_NAME = "$(TARGET_NAME)";
				SWIFT_EMIT_LOC_STRINGS = YES;
				SWIFT_VERSION = 5.0;
				TARGETED_DEVICE_FAMILY = "1,2";
			};
			name = Debug;
		};
		004A3C6C2989B19A0019C9F2 /* Release */ = {
			isa = XCBuildConfiguration;
			baseConfigurationReference = 7A2E69B34DC0605D22126941 /* Pods-Marvel.release.xcconfig */;
			buildSettings = {
				API_URL = "https://gateway.marvel.com";
				ASSETCATALOG_COMPILER_APPICON_NAME = AppIcon;
				ASSETCATALOG_COMPILER_GLOBAL_ACCENT_COLOR_NAME = AccentColor;
				CODE_SIGN_STYLE = Automatic;
				CURRENT_PROJECT_VERSION = 1;
				GENERATE_INFOPLIST_FILE = YES;
				INFOPLIST_FILE = Marvel/Info.plist;
				INFOPLIST_KEY_UIApplicationSupportsIndirectInputEvents = YES;
				INFOPLIST_KEY_UILaunchStoryboardName = LaunchScreen;
				INFOPLIST_KEY_UIMainStoryboardFile = LaunchScreen;
				INFOPLIST_KEY_UISupportedInterfaceOrientations_iPad = "UIInterfaceOrientationPortrait UIInterfaceOrientationPortraitUpsideDown UIInterfaceOrientationLandscapeLeft UIInterfaceOrientationLandscapeRight";
				INFOPLIST_KEY_UISupportedInterfaceOrientations_iPhone = "UIInterfaceOrientationPortrait UIInterfaceOrientationLandscapeLeft UIInterfaceOrientationLandscapeRight";
				IPHONEOS_DEPLOYMENT_TARGET = 15.2;
				LD_RUNPATH_SEARCH_PATHS = (
					"$(inherited)",
					"@executable_path/Frameworks",
				);
				MARKETING_VERSION = 1.0;
				PRODUCT_BUNDLE_IDENTIFIER = com.muntalapps.Marvel;
				PRODUCT_NAME = "$(TARGET_NAME)";
				SWIFT_EMIT_LOC_STRINGS = YES;
				SWIFT_VERSION = 5.0;
				TARGETED_DEVICE_FAMILY = "1,2";
			};
			name = Release;
		};
		1FA3EB322998234400C57E0E /* Debug */ = {
			isa = XCBuildConfiguration;
			buildSettings = {
				BUNDLE_LOADER = "$(TEST_HOST)";
				CLANG_CXX_LANGUAGE_STANDARD = "gnu++17";
				CLANG_CXX_LIBRARY = "libc++";
				CODE_SIGN_STYLE = Automatic;
				CURRENT_PROJECT_VERSION = 1;
				DEVELOPMENT_TEAM = Q9RJPHW4B8;
				GENERATE_INFOPLIST_FILE = YES;
				MARKETING_VERSION = 1.0;
				PRODUCT_BUNDLE_IDENTIFIER = com.muntalapps.MarvelTests;
				PRODUCT_NAME = "$(TARGET_NAME)";
				SWIFT_EMIT_LOC_STRINGS = NO;
				SWIFT_VERSION = 5.0;
				TARGETED_DEVICE_FAMILY = "1,2";
				TEST_HOST = "$(BUILT_PRODUCTS_DIR)/Marvel.app/Marvel";
			};
			name = Debug;
		};
		1FA3EB332998234400C57E0E /* Release */ = {
			isa = XCBuildConfiguration;
			buildSettings = {
				BUNDLE_LOADER = "$(TEST_HOST)";
				CLANG_CXX_LANGUAGE_STANDARD = "gnu++17";
				CLANG_CXX_LIBRARY = "libc++";
				CODE_SIGN_STYLE = Automatic;
				CURRENT_PROJECT_VERSION = 1;
				DEVELOPMENT_TEAM = Q9RJPHW4B8;
				GENERATE_INFOPLIST_FILE = YES;
				MARKETING_VERSION = 1.0;
				PRODUCT_BUNDLE_IDENTIFIER = com.muntalapps.MarvelTests;
				PRODUCT_NAME = "$(TARGET_NAME)";
				SWIFT_EMIT_LOC_STRINGS = NO;
				SWIFT_VERSION = 5.0;
				TARGETED_DEVICE_FAMILY = "1,2";
				TEST_HOST = "$(BUILT_PRODUCTS_DIR)/Marvel.app/Marvel";
			};
			name = Release;
		};
/* End XCBuildConfiguration section */

/* Begin XCConfigurationList section */
		004A3C512989B1990019C9F2 /* Build configuration list for PBXProject "Marvel" */ = {
			isa = XCConfigurationList;
			buildConfigurations = (
				004A3C682989B19A0019C9F2 /* Debug */,
				004A3C692989B19A0019C9F2 /* Release */,
			);
			defaultConfigurationIsVisible = 0;
			defaultConfigurationName = Release;
		};
		004A3C6A2989B19A0019C9F2 /* Build configuration list for PBXNativeTarget "Marvel" */ = {
			isa = XCConfigurationList;
			buildConfigurations = (
				004A3C6B2989B19A0019C9F2 /* Debug */,
				004A3C6C2989B19A0019C9F2 /* Release */,
			);
			defaultConfigurationIsVisible = 0;
			defaultConfigurationName = Release;
		};
		1FA3EB342998234400C57E0E /* Build configuration list for PBXNativeTarget "MarvelTests" */ = {
			isa = XCConfigurationList;
			buildConfigurations = (
				1FA3EB322998234400C57E0E /* Debug */,
				1FA3EB332998234400C57E0E /* Release */,
			);
			defaultConfigurationIsVisible = 0;
			defaultConfigurationName = Release;
		};
/* End XCConfigurationList section */
	};
	rootObject = 004A3C4E2989B1990019C9F2 /* Project object */;
}
